// !$*UTF8*$!
{
	archiveVersion = 1;
	classes = {
	};
	objectVersion = 48;
	objects = {

/* Begin PBXBuildFile section */
		BD73FD8F20224C93004F0055 /* AppDelegate.swift in Sources */ = {isa = PBXBuildFile; fileRef = BD73FD8E20224C93004F0055 /* AppDelegate.swift */; };
		BD73FD9120224C93004F0055 /* ViewController.swift in Sources */ = {isa = PBXBuildFile; fileRef = BD73FD9020224C93004F0055 /* ViewController.swift */; };
		BD73FD9420224C93004F0055 /* Main.storyboard in Resources */ = {isa = PBXBuildFile; fileRef = BD73FD9220224C93004F0055 /* Main.storyboard */; };
		BD73FD9620224C93004F0055 /* Assets.xcassets in Resources */ = {isa = PBXBuildFile; fileRef = BD73FD9520224C93004F0055 /* Assets.xcassets */; };
		BD73FD9920224C93004F0055 /* LaunchScreen.storyboard in Resources */ = {isa = PBXBuildFile; fileRef = BD73FD9720224C93004F0055 /* LaunchScreen.storyboard */; };
		BD73FDA420224C93004F0055 /* UnitTestingSwiftTests.swift in Sources */ = {isa = PBXBuildFile; fileRef = BD73FDA320224C93004F0055 /* UnitTestingSwiftTests.swift */; };
		BD73FDAF20224C94004F0055 /* UnitTestingSwiftUITests.swift in Sources */ = {isa = PBXBuildFile; fileRef = BD73FDAE20224C94004F0055 /* UnitTestingSwiftUITests.swift */; };
		BD73FDBD2022528B004F0055 /* Battle.swift in Sources */ = {isa = PBXBuildFile; fileRef = BD73FDBC2022528B004F0055 /* Battle.swift */; };
		BD73FDBF20225415004F0055 /* Character.swift in Sources */ = {isa = PBXBuildFile; fileRef = BD73FDBE20225415004F0055 /* Character.swift */; };
		BD73FDC120225564004F0055 /* Weapon.swift in Sources */ = {isa = PBXBuildFile; fileRef = BD73FDC020225564004F0055 /* Weapon.swift */; };
		BD73FDC32022566A004F0055 /* Axe.swift in Sources */ = {isa = PBXBuildFile; fileRef = BD73FDC22022566A004F0055 /* Axe.swift */; };
		BD73FDC520225772004F0055 /* Knife.swift in Sources */ = {isa = PBXBuildFile; fileRef = BD73FDC420225772004F0055 /* Knife.swift */; };
		BD73FDC7202258CB004F0055 /* Warrior.swift in Sources */ = {isa = PBXBuildFile; fileRef = BD73FDC6202258CB004F0055 /* Warrior.swift */; };
/* End PBXBuildFile section */

/* Begin PBXContainerItemProxy section */
		BD73FDA020224C93004F0055 /* PBXContainerItemProxy */ = {
			isa = PBXContainerItemProxy;
			containerPortal = BD73FD8320224C93004F0055 /* Project object */;
			proxyType = 1;
			remoteGlobalIDString = BD73FD8A20224C93004F0055;
			remoteInfo = UnitTestingSwift;
		};
		BD73FDAB20224C94004F0055 /* PBXContainerItemProxy */ = {
			isa = PBXContainerItemProxy;
			containerPortal = BD73FD8320224C93004F0055 /* Project object */;
			proxyType = 1;
			remoteGlobalIDString = BD73FD8A20224C93004F0055;
			remoteInfo = UnitTestingSwift;
		};
/* End PBXContainerItemProxy section */

/* Begin PBXFileReference section */
		BD73FD8B20224C93004F0055 /* UnitTestingSwift.app */ = {isa = PBXFileReference; explicitFileType = wrapper.application; includeInIndex = 0; path = UnitTestingSwift.app; sourceTree = BUILT_PRODUCTS_DIR; };
		BD73FD8E20224C93004F0055 /* AppDelegate.swift */ = {isa = PBXFileReference; lastKnownFileType = sourcecode.swift; path = AppDelegate.swift; sourceTree = "<group>"; };
		BD73FD9020224C93004F0055 /* ViewController.swift */ = {isa = PBXFileReference; lastKnownFileType = sourcecode.swift; path = ViewController.swift; sourceTree = "<group>"; };
		BD73FD9320224C93004F0055 /* Base */ = {isa = PBXFileReference; lastKnownFileType = file.storyboard; name = Base; path = Base.lproj/Main.storyboard; sourceTree = "<group>"; };
		BD73FD9520224C93004F0055 /* Assets.xcassets */ = {isa = PBXFileReference; lastKnownFileType = folder.assetcatalog; path = Assets.xcassets; sourceTree = "<group>"; };
		BD73FD9820224C93004F0055 /* Base */ = {isa = PBXFileReference; lastKnownFileType = file.storyboard; name = Base; path = Base.lproj/LaunchScreen.storyboard; sourceTree = "<group>"; };
		BD73FD9A20224C93004F0055 /* Info.plist */ = {isa = PBXFileReference; lastKnownFileType = text.plist.xml; path = Info.plist; sourceTree = "<group>"; };
		BD73FD9F20224C93004F0055 /* UnitTestingSwiftTests.xctest */ = {isa = PBXFileReference; explicitFileType = wrapper.cfbundle; includeInIndex = 0; path = UnitTestingSwiftTests.xctest; sourceTree = BUILT_PRODUCTS_DIR; };
		BD73FDA320224C93004F0055 /* UnitTestingSwiftTests.swift */ = {isa = PBXFileReference; lastKnownFileType = sourcecode.swift; path = UnitTestingSwiftTests.swift; sourceTree = "<group>"; };
		BD73FDA520224C93004F0055 /* Info.plist */ = {isa = PBXFileReference; lastKnownFileType = text.plist.xml; path = Info.plist; sourceTree = "<group>"; };
		BD73FDAA20224C94004F0055 /* UnitTestingSwiftUITests.xctest */ = {isa = PBXFileReference; explicitFileType = wrapper.cfbundle; includeInIndex = 0; path = UnitTestingSwiftUITests.xctest; sourceTree = BUILT_PRODUCTS_DIR; };
		BD73FDAE20224C94004F0055 /* UnitTestingSwiftUITests.swift */ = {isa = PBXFileReference; lastKnownFileType = sourcecode.swift; path = UnitTestingSwiftUITests.swift; sourceTree = "<group>"; };
		BD73FDB020224C94004F0055 /* Info.plist */ = {isa = PBXFileReference; lastKnownFileType = text.plist.xml; path = Info.plist; sourceTree = "<group>"; };
		BD73FDBC2022528B004F0055 /* Battle.swift */ = {isa = PBXFileReference; lastKnownFileType = sourcecode.swift; path = Battle.swift; sourceTree = "<group>"; };
		BD73FDBE20225415004F0055 /* Character.swift */ = {isa = PBXFileReference; lastKnownFileType = sourcecode.swift; path = Character.swift; sourceTree = "<group>"; };
		BD73FDC020225564004F0055 /* Weapon.swift */ = {isa = PBXFileReference; lastKnownFileType = sourcecode.swift; path = Weapon.swift; sourceTree = "<group>"; };
		BD73FDC22022566A004F0055 /* Axe.swift */ = {isa = PBXFileReference; lastKnownFileType = sourcecode.swift; path = Axe.swift; sourceTree = "<group>"; };
		BD73FDC420225772004F0055 /* Knife.swift */ = {isa = PBXFileReference; lastKnownFileType = sourcecode.swift; path = Knife.swift; sourceTree = "<group>"; };
		BD73FDC6202258CB004F0055 /* Warrior.swift */ = {isa = PBXFileReference; lastKnownFileType = sourcecode.swift; path = Warrior.swift; sourceTree = "<group>"; };
/* End PBXFileReference section */

/* Begin PBXFrameworksBuildPhase section */
		BD73FD8820224C93004F0055 /* Frameworks */ = {
			isa = PBXFrameworksBuildPhase;
			buildActionMask = 2147483647;
			files = (
			);
			runOnlyForDeploymentPostprocessing = 0;
		};
		BD73FD9C20224C93004F0055 /* Frameworks */ = {
			isa = PBXFrameworksBuildPhase;
			buildActionMask = 2147483647;
			files = (
			);
			runOnlyForDeploymentPostprocessing = 0;
		};
		BD73FDA720224C94004F0055 /* Frameworks */ = {
			isa = PBXFrameworksBuildPhase;
			buildActionMask = 2147483647;
			files = (
			);
			runOnlyForDeploymentPostprocessing = 0;
		};
/* End PBXFrameworksBuildPhase section */

/* Begin PBXGroup section */
		BD73FD8220224C93004F0055 = {
			isa = PBXGroup;
			children = (
				BD73FD8D20224C93004F0055 /* UnitTestingSwift */,
				BD73FDA220224C93004F0055 /* UnitTestingSwiftTests */,
				BD73FDAD20224C94004F0055 /* UnitTestingSwiftUITests */,
				BD73FD8C20224C93004F0055 /* Products */,
			);
			sourceTree = "<group>";
		};
		BD73FD8C20224C93004F0055 /* Products */ = {
			isa = PBXGroup;
			children = (
				BD73FD8B20224C93004F0055 /* UnitTestingSwift.app */,
				BD73FD9F20224C93004F0055 /* UnitTestingSwiftTests.xctest */,
				BD73FDAA20224C94004F0055 /* UnitTestingSwiftUITests.xctest */,
			);
			name = Products;
			sourceTree = "<group>";
		};
		BD73FD8D20224C93004F0055 /* UnitTestingSwift */ = {
			isa = PBXGroup;
			children = (
				BD73FD8E20224C93004F0055 /* AppDelegate.swift */,
				BD73FD9020224C93004F0055 /* ViewController.swift */,
				BD73FD9220224C93004F0055 /* Main.storyboard */,
				BD73FD9520224C93004F0055 /* Assets.xcassets */,
				BD73FD9720224C93004F0055 /* LaunchScreen.storyboard */,
				BD73FD9A20224C93004F0055 /* Info.plist */,
				BD73FDBC2022528B004F0055 /* Battle.swift */,
				BD73FDBE20225415004F0055 /* Character.swift */,
				BD73FDC6202258CB004F0055 /* Warrior.swift */,
				BD73FDC020225564004F0055 /* Weapon.swift */,
				BD73FDC22022566A004F0055 /* Axe.swift */,
				BD73FDC420225772004F0055 /* Knife.swift */,
			);
			path = UnitTestingSwift;
			sourceTree = "<group>";
		};
		BD73FDA220224C93004F0055 /* UnitTestingSwiftTests */ = {
			isa = PBXGroup;
			children = (
				BD73FDA320224C93004F0055 /* UnitTestingSwiftTests.swift */,
				BD73FDA520224C93004F0055 /* Info.plist */,
			);
			path = UnitTestingSwiftTests;
			sourceTree = "<group>";
		};
		BD73FDAD20224C94004F0055 /* UnitTestingSwiftUITests */ = {
			isa = PBXGroup;
			children = (
				BD73FDAE20224C94004F0055 /* UnitTestingSwiftUITests.swift */,
				BD73FDB020224C94004F0055 /* Info.plist */,
			);
			path = UnitTestingSwiftUITests;
			sourceTree = "<group>";
		};
/* End PBXGroup section */

/* Begin PBXNativeTarget section */
		BD73FD8A20224C93004F0055 /* UnitTestingSwift */ = {
			isa = PBXNativeTarget;
			buildConfigurationList = BD73FDB320224C94004F0055 /* Build configuration list for PBXNativeTarget "UnitTestingSwift" */;
			buildPhases = (
				BD73FD8720224C93004F0055 /* Sources */,
				BD73FD8820224C93004F0055 /* Frameworks */,
				BD73FD8920224C93004F0055 /* Resources */,
			);
			buildRules = (
			);
			dependencies = (
			);
			name = UnitTestingSwift;
			productName = UnitTestingSwift;
			productReference = BD73FD8B20224C93004F0055 /* UnitTestingSwift.app */;
			productType = "com.apple.product-type.application";
		};
		BD73FD9E20224C93004F0055 /* UnitTestingSwiftTests */ = {
			isa = PBXNativeTarget;
			buildConfigurationList = BD73FDB620224C94004F0055 /* Build configuration list for PBXNativeTarget "UnitTestingSwiftTests" */;
			buildPhases = (
				BD73FD9B20224C93004F0055 /* Sources */,
				BD73FD9C20224C93004F0055 /* Frameworks */,
				BD73FD9D20224C93004F0055 /* Resources */,
			);
			buildRules = (
			);
			dependencies = (
				BD73FDA120224C93004F0055 /* PBXTargetDependency */,
			);
			name = UnitTestingSwiftTests;
			productName = UnitTestingSwiftTests;
			productReference = BD73FD9F20224C93004F0055 /* UnitTestingSwiftTests.xctest */;
			productType = "com.apple.product-type.bundle.unit-test";
		};
		BD73FDA920224C94004F0055 /* UnitTestingSwiftUITests */ = {
			isa = PBXNativeTarget;
			buildConfigurationList = BD73FDB920224C94004F0055 /* Build configuration list for PBXNativeTarget "UnitTestingSwiftUITests" */;
			buildPhases = (
				BD73FDA620224C94004F0055 /* Sources */,
				BD73FDA720224C94004F0055 /* Frameworks */,
				BD73FDA820224C94004F0055 /* Resources */,
			);
			buildRules = (
			);
			dependencies = (
				BD73FDAC20224C94004F0055 /* PBXTargetDependency */,
			);
			name = UnitTestingSwiftUITests;
			productName = UnitTestingSwiftUITests;
			productReference = BD73FDAA20224C94004F0055 /* UnitTestingSwiftUITests.xctest */;
			productType = "com.apple.product-type.bundle.ui-testing";
		};
/* End PBXNativeTarget section */

/* Begin PBXProject section */
		BD73FD8320224C93004F0055 /* Project object */ = {
			isa = PBXProject;
			attributes = {
				LastSwiftUpdateCheck = 0920;
				LastUpgradeCheck = 0920;
				ORGANIZATIONNAME = "Guilherme Paciulli";
				TargetAttributes = {
					BD73FD8A20224C93004F0055 = {
						CreatedOnToolsVersion = 9.2;
						ProvisioningStyle = Automatic;
					};
					BD73FD9E20224C93004F0055 = {
						CreatedOnToolsVersion = 9.2;
						ProvisioningStyle = Automatic;
						TestTargetID = BD73FD8A20224C93004F0055;
					};
					BD73FDA920224C94004F0055 = {
						CreatedOnToolsVersion = 9.2;
						ProvisioningStyle = Automatic;
						TestTargetID = BD73FD8A20224C93004F0055;
					};
				};
			};
			buildConfigurationList = BD73FD8620224C93004F0055 /* Build configuration list for PBXProject "UnitTestingSwift" */;
			compatibilityVersion = "Xcode 8.0";
			developmentRegion = en;
			hasScannedForEncodings = 0;
			knownRegions = (
				en,
				Base,
			);
			mainGroup = BD73FD8220224C93004F0055;
			productRefGroup = BD73FD8C20224C93004F0055 /* Products */;
			projectDirPath = "";
			projectRoot = "";
			targets = (
				BD73FD8A20224C93004F0055 /* UnitTestingSwift */,
				BD73FD9E20224C93004F0055 /* UnitTestingSwiftTests */,
				BD73FDA920224C94004F0055 /* UnitTestingSwiftUITests */,
			);
		};
/* End PBXProject section */

/* Begin PBXResourcesBuildPhase section */
		BD73FD8920224C93004F0055 /* Resources */ = {
			isa = PBXResourcesBuildPhase;
			buildActionMask = 2147483647;
			files = (
				BD73FD9920224C93004F0055 /* LaunchScreen.storyboard in Resources */,
				BD73FD9620224C93004F0055 /* Assets.xcassets in Resources */,
				BD73FD9420224C93004F0055 /* Main.storyboard in Resources */,
			);
			runOnlyForDeploymentPostprocessing = 0;
		};
		BD73FD9D20224C93004F0055 /* Resources */ = {
			isa = PBXResourcesBuildPhase;
			buildActionMask = 2147483647;
			files = (
			);
			runOnlyForDeploymentPostprocessing = 0;
		};
		BD73FDA820224C94004F0055 /* Resources */ = {
			isa = PBXResourcesBuildPhase;
			buildActionMask = 2147483647;
			files = (
			);
			runOnlyForDeploymentPostprocessing = 0;
		};
/* End PBXResourcesBuildPhase section */

/* Begin PBXSourcesBuildPhase section */
		BD73FD8720224C93004F0055 /* Sources */ = {
			isa = PBXSourcesBuildPhase;
			buildActionMask = 2147483647;
			files = (
				BD73FDC120225564004F0055 /* Weapon.swift in Sources */,
				BD73FD9120224C93004F0055 /* ViewController.swift in Sources */,
				BD73FDC32022566A004F0055 /* Axe.swift in Sources */,
				BD73FD8F20224C93004F0055 /* AppDelegate.swift in Sources */,
				BD73FDBD2022528B004F0055 /* Battle.swift in Sources */,
				BD73FDC520225772004F0055 /* Knife.swift in Sources */,
				BD73FDC7202258CB004F0055 /* Warrior.swift in Sources */,
				BD73FDBF20225415004F0055 /* Character.swift in Sources */,
			);
			runOnlyForDeploymentPostprocessing = 0;
		};
		BD73FD9B20224C93004F0055 /* Sources */ = {
			isa = PBXSourcesBuildPhase;
			buildActionMask = 2147483647;
			files = (
				BD73FDA420224C93004F0055 /* UnitTestingSwiftTests.swift in Sources */,
			);
			runOnlyForDeploymentPostprocessing = 0;
		};
		BD73FDA620224C94004F0055 /* Sources */ = {
			isa = PBXSourcesBuildPhase;
			buildActionMask = 2147483647;
			files = (
				BD73FDAF20224C94004F0055 /* UnitTestingSwiftUITests.swift in Sources */,
			);
			runOnlyForDeploymentPostprocessing = 0;
		};
/* End PBXSourcesBuildPhase section */

/* Begin PBXTargetDependency section */
		BD73FDA120224C93004F0055 /* PBXTargetDependency */ = {
			isa = PBXTargetDependency;
			target = BD73FD8A20224C93004F0055 /* UnitTestingSwift */;
			targetProxy = BD73FDA020224C93004F0055 /* PBXContainerItemProxy */;
		};
		BD73FDAC20224C94004F0055 /* PBXTargetDependency */ = {
			isa = PBXTargetDependency;
			target = BD73FD8A20224C93004F0055 /* UnitTestingSwift */;
			targetProxy = BD73FDAB20224C94004F0055 /* PBXContainerItemProxy */;
		};
/* End PBXTargetDependency section */

/* Begin PBXVariantGroup section */
		BD73FD9220224C93004F0055 /* Main.storyboard */ = {
			isa = PBXVariantGroup;
			children = (
				BD73FD9320224C93004F0055 /* Base */,
			);
			name = Main.storyboard;
			sourceTree = "<group>";
		};
		BD73FD9720224C93004F0055 /* LaunchScreen.storyboard */ = {
			isa = PBXVariantGroup;
			children = (
				BD73FD9820224C93004F0055 /* Base */,
			);
			name = LaunchScreen.storyboard;
			sourceTree = "<group>";
		};
/* End PBXVariantGroup section */

/* Begin XCBuildConfiguration section */
		BD73FDB120224C94004F0055 /* Debug */ = {
			isa = XCBuildConfiguration;
			buildSettings = {
				ALWAYS_SEARCH_USER_PATHS = NO;
				CLANG_ANALYZER_NONNULL = YES;
				CLANG_ANALYZER_NUMBER_OBJECT_CONVERSION = YES_AGGRESSIVE;
				CLANG_CXX_LANGUAGE_STANDARD = "gnu++14";
				CLANG_CXX_LIBRARY = "libc++";
				CLANG_ENABLE_MODULES = YES;
				CLANG_ENABLE_OBJC_ARC = YES;
				CLANG_WARN_BLOCK_CAPTURE_AUTORELEASING = YES;
				CLANG_WARN_BOOL_CONVERSION = YES;
				CLANG_WARN_COMMA = YES;
				CLANG_WARN_CONSTANT_CONVERSION = YES;
				CLANG_WARN_DIRECT_OBJC_ISA_USAGE = YES_ERROR;
				CLANG_WARN_DOCUMENTATION_COMMENTS = YES;
				CLANG_WARN_EMPTY_BODY = YES;
				CLANG_WARN_ENUM_CONVERSION = YES;
				CLANG_WARN_INFINITE_RECURSION = YES;
				CLANG_WARN_INT_CONVERSION = YES;
				CLANG_WARN_NON_LITERAL_NULL_CONVERSION = YES;
				CLANG_WARN_OBJC_LITERAL_CONVERSION = YES;
				CLANG_WARN_OBJC_ROOT_CLASS = YES_ERROR;
				CLANG_WARN_RANGE_LOOP_ANALYSIS = YES;
				CLANG_WARN_STRICT_PROTOTYPES = YES;
				CLANG_WARN_SUSPICIOUS_MOVE = YES;
				CLANG_WARN_UNGUARDED_AVAILABILITY = YES_AGGRESSIVE;
				CLANG_WARN_UNREACHABLE_CODE = YES;
				CLANG_WARN__DUPLICATE_METHOD_MATCH = YES;
				CODE_SIGN_IDENTITY = "iPhone Developer";
				COPY_PHASE_STRIP = NO;
				DEBUG_INFORMATION_FORMAT = dwarf;
				ENABLE_STRICT_OBJC_MSGSEND = YES;
				ENABLE_TESTABILITY = YES;
				GCC_C_LANGUAGE_STANDARD = gnu11;
				GCC_DYNAMIC_NO_PIC = NO;
				GCC_NO_COMMON_BLOCKS = YES;
				GCC_OPTIMIZATION_LEVEL = 0;
				GCC_PREPROCESSOR_DEFINITIONS = (
					"DEBUG=1",
					"$(inherited)",
				);
				GCC_WARN_64_TO_32_BIT_CONVERSION = YES;
				GCC_WARN_ABOUT_RETURN_TYPE = YES_ERROR;
				GCC_WARN_UNDECLARED_SELECTOR = YES;
				GCC_WARN_UNINITIALIZED_AUTOS = YES_AGGRESSIVE;
				GCC_WARN_UNUSED_FUNCTION = YES;
				GCC_WARN_UNUSED_VARIABLE = YES;
				IPHONEOS_DEPLOYMENT_TARGET = 11.2;
				MTL_ENABLE_DEBUG_INFO = YES;
				ONLY_ACTIVE_ARCH = YES;
				SDKROOT = iphoneos;
				SWIFT_ACTIVE_COMPILATION_CONDITIONS = DEBUG;
				SWIFT_OPTIMIZATION_LEVEL = "-Onone";
			};
			name = Debug;
		};
		BD73FDB220224C94004F0055 /* Release */ = {
			isa = XCBuildConfiguration;
			buildSettings = {
				ALWAYS_SEARCH_USER_PATHS = NO;
				CLANG_ANALYZER_NONNULL = YES;
				CLANG_ANALYZER_NUMBER_OBJECT_CONVERSION = YES_AGGRESSIVE;
				CLANG_CXX_LANGUAGE_STANDARD = "gnu++14";
				CLANG_CXX_LIBRARY = "libc++";
				CLANG_ENABLE_MODULES = YES;
				CLANG_ENABLE_OBJC_ARC = YES;
				CLANG_WARN_BLOCK_CAPTURE_AUTORELEASING = YES;
				CLANG_WARN_BOOL_CONVERSION = YES;
				CLANG_WARN_COMMA = YES;
				CLANG_WARN_CONSTANT_CONVERSION = YES;
				CLANG_WARN_DIRECT_OBJC_ISA_USAGE = YES_ERROR;
				CLANG_WARN_DOCUMENTATION_COMMENTS = YES;
				CLANG_WARN_EMPTY_BODY = YES;
				CLANG_WARN_ENUM_CONVERSION = YES;
				CLANG_WARN_INFINITE_RECURSION = YES;
				CLANG_WARN_INT_CONVERSION = YES;
				CLANG_WARN_NON_LITERAL_NULL_CONVERSION = YES;
				CLANG_WARN_OBJC_LITERAL_CONVERSION = YES;
				CLANG_WARN_OBJC_ROOT_CLASS = YES_ERROR;
				CLANG_WARN_RANGE_LOOP_ANALYSIS = YES;
				CLANG_WARN_STRICT_PROTOTYPES = YES;
				CLANG_WARN_SUSPICIOUS_MOVE = YES;
				CLANG_WARN_UNGUARDED_AVAILABILITY = YES_AGGRESSIVE;
				CLANG_WARN_UNREACHABLE_CODE = YES;
				CLANG_WARN__DUPLICATE_METHOD_MATCH = YES;
				CODE_SIGN_IDENTITY = "iPhone Developer";
				COPY_PHASE_STRIP = NO;
				DEBUG_INFORMATION_FORMAT = "dwarf-with-dsym";
				ENABLE_NS_ASSERTIONS = NO;
				ENABLE_STRICT_OBJC_MSGSEND = YES;
				GCC_C_LANGUAGE_STANDARD = gnu11;
				GCC_NO_COMMON_BLOCKS = YES;
				GCC_WARN_64_TO_32_BIT_CONVERSION = YES;
				GCC_WARN_ABOUT_RETURN_TYPE = YES_ERROR;
				GCC_WARN_UNDECLARED_SELECTOR = YES;
				GCC_WARN_UNINITIALIZED_AUTOS = YES_AGGRESSIVE;
				GCC_WARN_UNUSED_FUNCTION = YES;
				GCC_WARN_UNUSED_VARIABLE = YES;
				IPHONEOS_DEPLOYMENT_TARGET = 11.2;
				MTL_ENABLE_DEBUG_INFO = NO;
				SDKROOT = iphoneos;
				SWIFT_OPTIMIZATION_LEVEL = "-Owholemodule";
				VALIDATE_PRODUCT = YES;
			};
			name = Release;
		};
		BD73FDB420224C94004F0055 /* Debug */ = {
			isa = XCBuildConfiguration;
			buildSettings = {
				ASSETCATALOG_COMPILER_APPICON_NAME = AppIcon;
				CODE_SIGN_STYLE = Automatic;
				DEVELOPMENT_TEAM = 98H8AFME2H;
				INFOPLIST_FILE = UnitTestingSwift/Info.plist;
				LD_RUNPATH_SEARCH_PATHS = "$(inherited) @executable_path/Frameworks";
				PRODUCT_BUNDLE_IDENTIFIER = br.mackMobile.unitTestingSwift.UnitTestingSwift;
				PRODUCT_NAME = "$(TARGET_NAME)";
				SWIFT_VERSION = 4.0;
				TARGETED_DEVICE_FAMILY = "1,2";
			};
			name = Debug;
		};
		BD73FDB520224C94004F0055 /* Release */ = {
			isa = XCBuildConfiguration;
			buildSettings = {
				ASSETCATALOG_COMPILER_APPICON_NAME = AppIcon;
				CODE_SIGN_STYLE = Automatic;
				DEVELOPMENT_TEAM = 98H8AFME2H;
				INFOPLIST_FILE = UnitTestingSwift/Info.plist;
				LD_RUNPATH_SEARCH_PATHS = "$(inherited) @executable_path/Frameworks";
				PRODUCT_BUNDLE_IDENTIFIER = br.mackMobile.unitTestingSwift.UnitTestingSwift;
				PRODUCT_NAME = "$(TARGET_NAME)";
				SWIFT_VERSION = 4.0;
				TARGETED_DEVICE_FAMILY = "1,2";
			};
			name = Release;
		};
		BD73FDB720224C94004F0055 /* Debug */ = {
			isa = XCBuildConfiguration;
			buildSettings = {
				ALWAYS_EMBED_SWIFT_STANDARD_LIBRARIES = YES;
				BUNDLE_LOADER = "$(TEST_HOST)";
				CODE_SIGN_STYLE = Automatic;
				DEVELOPMENT_TEAM = VLLH384AC4;
				INFOPLIST_FILE = UnitTestingSwiftTests/Info.plist;
				LD_RUNPATH_SEARCH_PATHS = "$(inherited) @executable_path/Frameworks @loader_path/Frameworks";
				PRODUCT_BUNDLE_IDENTIFIER = br.mackMobile.unitTestingSwift.UnitTestingSwiftTests;
				PRODUCT_NAME = "$(TARGET_NAME)";
				SWIFT_VERSION = 4.0;
				TARGETED_DEVICE_FAMILY = "1,2";
				TEST_HOST = "$(BUILT_PRODUCTS_DIR)/UnitTestingSwift.app/UnitTestingSwift";
			};
			name = Debug;
		};
		BD73FDB820224C94004F0055 /* Release */ = {
			isa = XCBuildConfiguration;
			buildSettings = {
				ALWAYS_EMBED_SWIFT_STANDARD_LIBRARIES = YES;
				BUNDLE_LOADER = "$(TEST_HOST)";
				CODE_SIGN_STYLE = Automatic;
				DEVELOPMENT_TEAM = VLLH384AC4;
				INFOPLIST_FILE = UnitTestingSwiftTests/Info.plist;
				LD_RUNPATH_SEARCH_PATHS = "$(inherited) @executable_path/Frameworks @loader_path/Frameworks";
				PRODUCT_BUNDLE_IDENTIFIER = br.mackMobile.unitTestingSwift.UnitTestingSwiftTests;
				PRODUCT_NAME = "$(TARGET_NAME)";
				SWIFT_VERSION = 4.0;
				TARGETED_DEVICE_FAMILY = "1,2";
				TEST_HOST = "$(BUILT_PRODUCTS_DIR)/UnitTestingSwift.app/UnitTestingSwift";
			};
			name = Release;
		};
		BD73FDBA20224C94004F0055 /* Debug */ = {
			isa = XCBuildConfiguration;
			buildSettings = {
				ALWAYS_EMBED_SWIFT_STANDARD_LIBRARIES = YES;
				CODE_SIGN_STYLE = Automatic;
				DEVELOPMENT_TEAM = VLLH384AC4;
				INFOPLIST_FILE = UnitTestingSwiftUITests/Info.plist;
				LD_RUNPATH_SEARCH_PATHS = "$(inherited) @executable_path/Frameworks @loader_path/Frameworks";
				PRODUCT_BUNDLE_IDENTIFIER = br.mackMobile.unitTestingSwift.UnitTestingSwiftUITests;
				PRODUCT_NAME = "$(TARGET_NAME)";
				SWIFT_VERSION = 4.0;
				TARGETED_DEVICE_FAMILY = "1,2";
				TEST_TARGET_NAME = UnitTestingSwift;
			};
			name = Debug;
		};
		BD73FDBB20224C94004F0055 /* Release */ = {
			isa = XCBuildConfiguration;
			buildSettings = {
				ALWAYS_EMBED_SWIFT_STANDARD_LIBRARIES = YES;
				CODE_SIGN_STYLE = Automatic;
				DEVELOPMENT_TEAM = VLLH384AC4;
				INFOPLIST_FILE = UnitTestingSwiftUITests/Info.plist;
				LD_RUNPATH_SEARCH_PATHS = "$(inherited) @executable_path/Frameworks @loader_path/Frameworks";
				PRODUCT_BUNDLE_IDENTIFIER = br.mackMobile.unitTestingSwift.UnitTestingSwiftUITests;
				PRODUCT_NAME = "$(TARGET_NAME)";
				SWIFT_VERSION = 4.0;
				TARGETED_DEVICE_FAMILY = "1,2";
				TEST_TARGET_NAME = UnitTestingSwift;
			};
			name = Release;
		};
/* End XCBuildConfiguration section */

/* Begin XCConfigurationList section */
		BD73FD8620224C93004F0055 /* Build configuration list for PBXProject "UnitTestingSwift" */ = {
			isa = XCConfigurationList;
			buildConfigurations = (
				BD73FDB120224C94004F0055 /* Debug */,
				BD73FDB220224C94004F0055 /* Release */,
			);
			defaultConfigurationIsVisible = 0;
			defaultConfigurationName = Release;
		};
		BD73FDB320224C94004F0055 /* Build configuration list for PBXNativeTarget "UnitTestingSwift" */ = {
			isa = XCConfigurationList;
			buildConfigurations = (
				BD73FDB420224C94004F0055 /* Debug */,
				BD73FDB520224C94004F0055 /* Release */,
			);
			defaultConfigurationIsVisible = 0;
			defaultConfigurationName = Release;
		};
		BD73FDB620224C94004F0055 /* Build configuration list for PBXNativeTarget "UnitTestingSwiftTests" */ = {
			isa = XCConfigurationList;
			buildConfigurations = (
				BD73FDB720224C94004F0055 /* Debug */,
				BD73FDB820224C94004F0055 /* Release */,
			);
			defaultConfigurationIsVisible = 0;
			defaultConfigurationName = Release;
		};
		BD73FDB920224C94004F0055 /* Build configuration list for PBXNativeTarget "UnitTestingSwiftUITests" */ = {
			isa = XCConfigurationList;
			buildConfigurations = (
				BD73FDBA20224C94004F0055 /* Debug */,
				BD73FDBB20224C94004F0055 /* Release */,
			);
			defaultConfigurationIsVisible = 0;
			defaultConfigurationName = Release;
		};
/* End XCConfigurationList section */
	};
	rootObject = BD73FD8320224C93004F0055 /* Project object */;
}
